
Microsoft Visual Studio Solution File, Format Version 12.00
# Visual Studio Version 17
VisualStudioVersion = 17.3.32825.248
MinimumVisualStudioVersion = 10.0.40219.1
Project("{FAE04EC0-301F-11D3-BF4B-00C04F79EFBC}") = "DEngine", "DEngine.csproj", "{B6CFCEB0-1445-4D70-9DB9-7764A0D4A923}"
EndProject
Project("{FAE04EC0-301F-11D3-BF4B-00C04F79EFBC}") = "Assembly-CSharp-Editor", "..\DungeonInspector\Assembly-CSharp-Editor.csproj", "{E515ED73-A2E6-5AC1-AD67-65935EF8DFF6}"
EndProject
Global
	GlobalSection(SolutionConfigurationPlatforms) = preSolution
		Debug|Any CPU = Debug|Any CPU
		Release|Any CPU = Release|Any CPU
	EndGlobalSection
	GlobalSection(ProjectConfigurationPlatforms) = postSolution
		{B6CFCEB0-1445-4D70-9DB9-7764A0D4A923}.Debug|Any CPU.ActiveCfg = Debug|Any CPU
		{B6CFCEB0-1445-4D70-9DB9-7764A0D4A923}.Debug|Any CPU.Build.0 = Debug|Any CPU
		{B6CFCEB0-1445-4D70-9DB9-7764A0D4A923}.Release|Any CPU.ActiveCfg = Release|Any CPU
		{B6CFCEB0-1445-4D70-9DB9-7764A0D4A923}.Release|Any CPU.Build.0 = Release|Any CPU
		{E515ED73-A2E6-5AC1-AD67-65935EF8DFF6}.Debug|Any CPU.ActiveCfg = Debug|Any CPU
		{E515ED73-A2E6-5AC1-AD67-65935EF8DFF6}.Debug|Any CPU.Build.0 = Debug|Any CPU
		{E515ED73-A2E6-5AC1-AD67-65935EF8DFF6}.Release|Any CPU.ActiveCfg = Release|Any CPU
		{E515ED73-A2E6-5AC1-AD67-65935EF8DFF6}.Release|Any CPU.Build.0 = Release|Any CPU
	EndGlobalSection
	GlobalSection(SolutionProperties) = preSolution
		HideSolutionNode = FALSE
	EndGlobalSection
	GlobalSection(ExtensibilityGlobals) = postSolution
		SolutionGuid = {6AA12D5B-A1EB-453E-BA2A-DE71CDD875FF}
	EndGlobalSection
EndGlobal
